
Microsoft Visual Studio Solution File, Format Version 12.00
# Visual Studio Version 17
VisualStudioVersion = 17.8.34316.72
MinimumVisualStudioVersion = 10.0.40219.1
Project("{FAE04EC0-301F-11D3-BF4B-00C04F79EFBC}") = "Ontap", "Ontap\Ontap.csproj", "{077AA10E-172A-4DB0-B262-F70B00E642DF}"
EndProject
Global
	GlobalSection(SolutionConfigurationPlatforms) = preSolution
		Debug|Any CPU = Debug|Any CPU
		Release|Any CPU = Release|Any CPU
	EndGlobalSection
	GlobalSection(ProjectConfigurationPlatforms) = postSolution
		{077AA10E-172A-4DB0-B262-F70B00E642DF}.Debug|Any CPU.ActiveCfg = Debug|Any CPU
		{077AA10E-172A-4DB0-B262-F70B00E642DF}.Debug|Any CPU.Build.0 = Debug|Any CPU
		{077AA10E-172A-4DB0-B262-F70B00E642DF}.Release|Any CPU.ActiveCfg = Release|Any CPU
		{077AA10E-172A-4DB0-B262-F70B00E642DF}.Release|Any CPU.Build.0 = Release|Any CPU
	EndGlobalSection
	GlobalSection(SolutionProperties) = preSolution
		HideSolutionNode = FALSE
	EndGlobalSection
	GlobalSection(ExtensibilityGlobals) = postSolution
		SolutionGuid = {6E12FC2F-BE15-4FA5-B957-3D626E9144B1}
	EndGlobalSection
EndGlobal
